
Microsoft Visual Studio Solution File, Format Version 12.00
# Visual Studio Version 16
VisualStudioVersion = 16.0.31410.357
MinimumVisualStudioVersion = 10.0.40219.1
Project("{FAE04EC0-301F-11D3-BF4B-00C04F79EFBC}") = "welcome", "welcome\welcome.csproj", "{9CE3893B-875C-4F48-B2EE-D60FAC45A2C2}"
EndProject
Global
	GlobalSection(SolutionConfigurationPlatforms) = preSolution
		Debug|Any CPU = Debug|Any CPU
		Release|Any CPU = Release|Any CPU
	EndGlobalSection
	GlobalSection(ProjectConfigurationPlatforms) = postSolution
		{9CE3893B-875C-4F48-B2EE-D60FAC45A2C2}.Debug|Any CPU.ActiveCfg = Debug|Any CPU
		{9CE3893B-875C-4F48-B2EE-D60FAC45A2C2}.Debug|Any CPU.Build.0 = Debug|Any CPU
		{9CE3893B-875C-4F48-B2EE-D60FAC45A2C2}.Release|Any CPU.ActiveCfg = Release|Any CPU
		{9CE3893B-875C-4F48-B2EE-D60FAC45A2C2}.Release|Any CPU.Build.0 = Release|Any CPU
	EndGlobalSection
	GlobalSection(SolutionProperties) = preSolution
		HideSolutionNode = FALSE
	EndGlobalSection
	GlobalSection(ExtensibilityGlobals) = postSolution
		SolutionGuid = {69A97F0E-DE46-44FD-866A-B9ED556716A8}
	EndGlobalSection
EndGlobal
